{
  "requires": true,
  "lockfileVersion": 1,
  "dependencies": {
    "gsap": {
      "version": "npm:@gsap/business@3.6.1",
      "resolved": "https://npm.greensock.com/@gsap%2fbusiness/-/business-3.6.1.tgz",
      "integrity": "sha512-PsoItK/CWMP0N8M5p/SlWGq/4Ty+gubW5iN05PpH59Tnde612V61pvtyisdlkOeamA1RDcvM/fe2ObFbEhxHwg=="
    }
  }
}
